
Microsoft Visual Studio Solution File, Format Version 12.00
# Visual Studio Version 17
VisualStudioVersion = 17.13.35825.156
MinimumVisualStudioVersion = 10.0.40219.1
Project("{FAE04EC0-301F-11D3-BF4B-00C04F79EFBC}") = "Hotel_Booking_New", "Hotel_Booking_New.csproj", "{18122FB4-8B5A-482A-B305-EF90C5BC8445}"
EndProject
Global
	GlobalSection(SolutionConfigurationPlatforms) = preSolution
		Debug|Any CPU = Debug|Any CPU
		Release|Any CPU = Release|Any CPU
	EndGlobalSection
	GlobalSection(ProjectConfigurationPlatforms) = postSolution
		{18122FB4-8B5A-482A-B305-EF90C5BC8445}.Debug|Any CPU.ActiveCfg = Debug|Any CPU
		{18122FB4-8B5A-482A-B305-EF90C5BC8445}.Debug|Any CPU.Build.0 = Debug|Any CPU
		{18122FB4-8B5A-482A-B305-EF90C5BC8445}.Release|Any CPU.ActiveCfg = Release|Any CPU
		{18122FB4-8B5A-482A-B305-EF90C5BC8445}.Release|Any CPU.Build.0 = Release|Any CPU
	EndGlobalSection
	GlobalSection(SolutionProperties) = preSolution
		HideSolutionNode = FALSE
	EndGlobalSection
	GlobalSection(ExtensibilityGlobals) = postSolution
		SolutionGuid = {52C48CB8-9A37-49A3-93C8-8E0F43346900}
	EndGlobalSection
EndGlobal
